Microsoft Visual Studio Solution File, Format Version 12.00
# Visual Studio Version 17
VisualStudioVersion = 17.5.2.0
MinimumVisualStudioVersion = 10.0.40219.1
Project("{FAE04EC0-301F-11D3-BF4B-00C04F79EFBC}") = "taskedin-be", "taskedin-be.csproj", "{273B2284-7D4D-1B67-C886-004ED2B7977F}"
EndProject
Global
	GlobalSection(SolutionConfigurationPlatforms) = preSolution
		Debug|Any CPU = Debug|Any CPU
		Release|Any CPU = Release|Any CPU
	EndGlobalSection
	GlobalSection(ProjectConfigurationPlatforms) = postSolution
		{273B2284-7D4D-1B67-C886-004ED2B7977F}.Debug|Any CPU.ActiveCfg = Debug|Any CPU
		{273B2284-7D4D-1B67-C886-004ED2B7977F}.Debug|Any CPU.Build.0 = Debug|Any CPU
		{273B2284-7D4D-1B67-C886-004ED2B7977F}.Release|Any CPU.ActiveCfg = Release|Any CPU
		{273B2284-7D4D-1B67-C886-004ED2B7977F}.Release|Any CPU.Build.0 = Release|Any CPU
	EndGlobalSection
	GlobalSection(SolutionProperties) = preSolution
		HideSolutionNode = FALSE
	EndGlobalSection
	GlobalSection(ExtensibilityGlobals) = postSolution
		SolutionGuid = {5CD850A9-B646-4B15-9377-35A9A367EE95}
	EndGlobalSection
EndGlobal
